
Microsoft Visual Studio Solution File, Format Version 12.00
# Visual Studio Version 16
VisualStudioVersion = 16.0.30523.141
MinimumVisualStudioVersion = 10.0.40219.1
Project("{FAE04EC0-301F-11D3-BF4B-00C04F79EFBC}") = "Laboratory3", "Laboratory3.csproj", "{79682FF4-F6B5-4AFF-981A-3598BD0B032F}"
EndProject
Global
	GlobalSection(SolutionConfigurationPlatforms) = preSolution
		Debug|Any CPU = Debug|Any CPU
		Release|Any CPU = Release|Any CPU
	EndGlobalSection
	GlobalSection(ProjectConfigurationPlatforms) = postSolution
		{79682FF4-F6B5-4AFF-981A-3598BD0B032F}.Debug|Any CPU.ActiveCfg = Debug|Any CPU
		{79682FF4-F6B5-4AFF-981A-3598BD0B032F}.Debug|Any CPU.Build.0 = Debug|Any CPU
		{79682FF4-F6B5-4AFF-981A-3598BD0B032F}.Release|Any CPU.ActiveCfg = Release|Any CPU
		{79682FF4-F6B5-4AFF-981A-3598BD0B032F}.Release|Any CPU.Build.0 = Release|Any CPU
	EndGlobalSection
	GlobalSection(SolutionProperties) = preSolution
		HideSolutionNode = FALSE
	EndGlobalSection
	GlobalSection(ExtensibilityGlobals) = postSolution
		SolutionGuid = {15D46FA1-CDDF-4A4F-8403-A51864560790}
	EndGlobalSection
EndGlobal
