
Microsoft Visual Studio Solution File, Format Version 12.00
# Visual Studio Version 16
VisualStudioVersion = 16.0.30523.141
MinimumVisualStudioVersion = 10.0.40219.1
Project("{FAE04EC0-301F-11D3-BF4B-00C04F79EFBC}") = "Laboratory2", "Laboratory2.csproj", "{0347D0CD-BC09-4F83-8DD0-1A9A7F1EFD52}"
EndProject
Global
	GlobalSection(SolutionConfigurationPlatforms) = preSolution
		Debug|Any CPU = Debug|Any CPU
		Release|Any CPU = Release|Any CPU
	EndGlobalSection
	GlobalSection(ProjectConfigurationPlatforms) = postSolution
		{0347D0CD-BC09-4F83-8DD0-1A9A7F1EFD52}.Debug|Any CPU.ActiveCfg = Debug|Any CPU
		{0347D0CD-BC09-4F83-8DD0-1A9A7F1EFD52}.Debug|Any CPU.Build.0 = Debug|Any CPU
		{0347D0CD-BC09-4F83-8DD0-1A9A7F1EFD52}.Release|Any CPU.ActiveCfg = Release|Any CPU
		{0347D0CD-BC09-4F83-8DD0-1A9A7F1EFD52}.Release|Any CPU.Build.0 = Release|Any CPU
	EndGlobalSection
	GlobalSection(SolutionProperties) = preSolution
		HideSolutionNode = FALSE
	EndGlobalSection
	GlobalSection(ExtensibilityGlobals) = postSolution
		SolutionGuid = {E3585D83-5376-4317-9883-D927678E0AF2}
	EndGlobalSection
EndGlobal
